
Microsoft Visual Studio Solution File, Format Version 12.00
Project("{FAE04EC0-301F-11D3-BF4B-00C04F79EFBC}") = "DemoReflection", "DemoReflection\DemoReflection.csproj", "{92AB9954-59C2-48FF-9ADC-034EF75BB691}"
EndProject
Project("{FAE04EC0-301F-11D3-BF4B-00C04F79EFBC}") = "DemoDynamicFunctionCall", "DemoDynamicFunctionCall\DemoDynamicFunctionCall.csproj", "{68203931-59E6-4E9B-840E-F7B4BEBBB2F2}"
EndProject
Global
	GlobalSection(SolutionConfigurationPlatforms) = preSolution
		Debug|Any CPU = Debug|Any CPU
		Release|Any CPU = Release|Any CPU
	EndGlobalSection
	GlobalSection(ProjectConfigurationPlatforms) = postSolution
		{92AB9954-59C2-48FF-9ADC-034EF75BB691}.Debug|Any CPU.ActiveCfg = Debug|Any CPU
		{92AB9954-59C2-48FF-9ADC-034EF75BB691}.Debug|Any CPU.Build.0 = Debug|Any CPU
		{92AB9954-59C2-48FF-9ADC-034EF75BB691}.Release|Any CPU.ActiveCfg = Release|Any CPU
		{92AB9954-59C2-48FF-9ADC-034EF75BB691}.Release|Any CPU.Build.0 = Release|Any CPU
		{68203931-59E6-4E9B-840E-F7B4BEBBB2F2}.Debug|Any CPU.ActiveCfg = Debug|Any CPU
		{68203931-59E6-4E9B-840E-F7B4BEBBB2F2}.Debug|Any CPU.Build.0 = Debug|Any CPU
		{68203931-59E6-4E9B-840E-F7B4BEBBB2F2}.Release|Any CPU.ActiveCfg = Release|Any CPU
		{68203931-59E6-4E9B-840E-F7B4BEBBB2F2}.Release|Any CPU.Build.0 = Release|Any CPU
	EndGlobalSection
EndGlobal
